
Microsoft Visual Studio Solution File, Format Version 12.00
# Visual Studio Version 17
VisualStudioVersion = 17.2.32616.157
MinimumVisualStudioVersion = 10.0.40219.1
Project("{FAE04EC0-301F-11D3-BF4B-00C04F79EFBC}") = "TechExercise5", "TechExercise5.csproj", "{DF22B8D2-F8B0-47CB-8600-0109CF6635C1}"
EndProject
Global
	GlobalSection(SolutionConfigurationPlatforms) = preSolution
		Debug|Any CPU = Debug|Any CPU
		Release|Any CPU = Release|Any CPU
	EndGlobalSection
	GlobalSection(ProjectConfigurationPlatforms) = postSolution
		{DF22B8D2-F8B0-47CB-8600-0109CF6635C1}.Debug|Any CPU.ActiveCfg = Debug|Any CPU
		{DF22B8D2-F8B0-47CB-8600-0109CF6635C1}.Debug|Any CPU.Build.0 = Debug|Any CPU
		{DF22B8D2-F8B0-47CB-8600-0109CF6635C1}.Release|Any CPU.ActiveCfg = Release|Any CPU
		{DF22B8D2-F8B0-47CB-8600-0109CF6635C1}.Release|Any CPU.Build.0 = Release|Any CPU
	EndGlobalSection
	GlobalSection(SolutionProperties) = preSolution
		HideSolutionNode = FALSE
	EndGlobalSection
	GlobalSection(ExtensibilityGlobals) = postSolution
		SolutionGuid = {C4818990-E016-442B-BFFA-770114D075D8}
	EndGlobalSection
EndGlobal
